// !$*UTF8*$!
{
	archiveVersion = 1;
	classes = {
	};
	objectVersion = 50;
	objects = {

/* Begin PBXBuildFile section */
		32EA837C23E406880032E5A0 /* AppDelegate.swift in Sources */ = {isa = PBXBuildFile; fileRef = 32EA837B23E406880032E5A0 /* AppDelegate.swift */; };
		32EA837E23E406880032E5A0 /* SceneDelegate.swift in Sources */ = {isa = PBXBuildFile; fileRef = 32EA837D23E406880032E5A0 /* SceneDelegate.swift */; };
		32EA838023E406880032E5A0 /* LoginController.swift in Sources */ = {isa = PBXBuildFile; fileRef = 32EA837F23E406880032E5A0 /* LoginController.swift */; };
		32EA838323E406880032E5A0 /* Main.storyboard in Resources */ = {isa = PBXBuildFile; fileRef = 32EA838123E406880032E5A0 /* Main.storyboard */; };
		32EA838623E406880032E5A0 /* Meals_lk.xcdatamodeld in Sources */ = {isa = PBXBuildFile; fileRef = 32EA838423E406880032E5A0 /* Meals_lk.xcdatamodeld */; };
		32EA838823E406890032E5A0 /* Assets.xcassets in Resources */ = {isa = PBXBuildFile; fileRef = 32EA838723E406890032E5A0 /* Assets.xcassets */; };
		32EA838B23E406890032E5A0 /* LaunchScreen.storyboard in Resources */ = {isa = PBXBuildFile; fileRef = 32EA838923E406890032E5A0 /* LaunchScreen.storyboard */; };
		32EB25BF23F94DD8009FB9BF /* MainTabController.swift in Sources */ = {isa = PBXBuildFile; fileRef = 32EB25BE23F94DD8009FB9BF /* MainTabController.swift */; };
		32EB25C123F954D0009FB9BF /* HomeViewController.swift in Sources */ = {isa = PBXBuildFile; fileRef = 32EB25C023F954D0009FB9BF /* HomeViewController.swift */; };
		32EB25C323F95DF9009FB9BF /* ProfileViewController.swift in Sources */ = {isa = PBXBuildFile; fileRef = 32EB25C223F95DF9009FB9BF /* ProfileViewController.swift */; };
/* End PBXBuildFile section */

/* Begin PBXFileReference section */
		32EA837823E406880032E5A0 /* Meals.lk.app */ = {isa = PBXFileReference; explicitFileType = wrapper.application; includeInIndex = 0; path = Meals.lk.app; sourceTree = BUILT_PRODUCTS_DIR; };
		32EA837B23E406880032E5A0 /* AppDelegate.swift */ = {isa = PBXFileReference; lastKnownFileType = sourcecode.swift; path = AppDelegate.swift; sourceTree = "<group>"; };
		32EA837D23E406880032E5A0 /* SceneDelegate.swift */ = {isa = PBXFileReference; lastKnownFileType = sourcecode.swift; path = SceneDelegate.swift; sourceTree = "<group>"; };
		32EA837F23E406880032E5A0 /* LoginController.swift */ = {isa = PBXFileReference; lastKnownFileType = sourcecode.swift; path = LoginController.swift; sourceTree = "<group>"; };
		32EA838223E406880032E5A0 /* Base */ = {isa = PBXFileReference; lastKnownFileType = file.storyboard; name = Base; path = Base.lproj/Main.storyboard; sourceTree = "<group>"; };
		32EA838523E406880032E5A0 /* Meals_lk.xcdatamodel */ = {isa = PBXFileReference; lastKnownFileType = wrapper.xcdatamodel; path = Meals_lk.xcdatamodel; sourceTree = "<group>"; };
		32EA838723E406890032E5A0 /* Assets.xcassets */ = {isa = PBXFileReference; lastKnownFileType = folder.assetcatalog; path = Assets.xcassets; sourceTree = "<group>"; };
		32EA838A23E406890032E5A0 /* Base */ = {isa = PBXFileReference; lastKnownFileType = file.storyboard; name = Base; path = Base.lproj/LaunchScreen.storyboard; sourceTree = "<group>"; };
		32EA838C23E406890032E5A0 /* Info.plist */ = {isa = PBXFileReference; lastKnownFileType = text.plist.xml; path = Info.plist; sourceTree = "<group>"; };
		32EB25BE23F94DD8009FB9BF /* MainTabController.swift */ = {isa = PBXFileReference; lastKnownFileType = sourcecode.swift; path = MainTabController.swift; sourceTree = "<group>"; };
		32EB25C023F954D0009FB9BF /* HomeViewController.swift */ = {isa = PBXFileReference; lastKnownFileType = sourcecode.swift; path = HomeViewController.swift; sourceTree = "<group>"; };
		32EB25C223F95DF9009FB9BF /* ProfileViewController.swift */ = {isa = PBXFileReference; lastKnownFileType = sourcecode.swift; path = ProfileViewController.swift; sourceTree = "<group>"; };
/* End PBXFileReference section */

/* Begin PBXFrameworksBuildPhase section */
		32EA837523E406880032E5A0 /* Frameworks */ = {
			isa = PBXFrameworksBuildPhase;
			buildActionMask = 2147483647;
			files = (
			);
			runOnlyForDeploymentPostprocessing = 0;
		};
/* End PBXFrameworksBuildPhase section */

/* Begin PBXGroup section */
		3242FAB723F90C7F00021804 /* View */ = {
			isa = PBXGroup;
			children = (
				32EA838923E406890032E5A0 /* LaunchScreen.storyboard */,
				32EA838123E406880032E5A0 /* Main.storyboard */,
			);
			path = View;
			sourceTree = "<group>";
		};
		3242FAB823F90C8600021804 /* Controller */ = {
			isa = PBXGroup;
			children = (
				32EA837F23E406880032E5A0 /* LoginController.swift */,
				32EB25BE23F94DD8009FB9BF /* MainTabController.swift */,
				32EB25C023F954D0009FB9BF /* HomeViewController.swift */,
				32EB25C223F95DF9009FB9BF /* ProfileViewController.swift */,
			);
			path = Controller;
			sourceTree = "<group>";
		};
		3242FAB923F90C9100021804 /* Model */ = {
			isa = PBXGroup;
			children = (
			);
			path = Model;
			sourceTree = "<group>";
		};
		32EA836F23E406870032E5A0 = {
			isa = PBXGroup;
			children = (
				32EA837A23E406880032E5A0 /* Meals.lk */,
				32EA837923E406880032E5A0 /* Products */,
			);
			sourceTree = "<group>";
		};
		32EA837923E406880032E5A0 /* Products */ = {
			isa = PBXGroup;
			children = (
				32EA837823E406880032E5A0 /* Meals.lk.app */,
			);
			name = Products;
			sourceTree = "<group>";
		};
		32EA837A23E406880032E5A0 /* Meals.lk */ = {
			isa = PBXGroup;
			children = (
				32EA838723E406890032E5A0 /* Assets.xcassets */,
				32EA837B23E406880032E5A0 /* AppDelegate.swift */,
				32EA837D23E406880032E5A0 /* SceneDelegate.swift */,
				32EA838C23E406890032E5A0 /* Info.plist */,
				32EA838423E406880032E5A0 /* Meals_lk.xcdatamodeld */,
				3242FAB923F90C9100021804 /* Model */,
				3242FAB823F90C8600021804 /* Controller */,
				3242FAB723F90C7F00021804 /* View */,
			);
			path = Meals.lk;
			sourceTree = "<group>";
		};
/* End PBXGroup section */

/* Begin PBXNativeTarget section */
		32EA837723E406880032E5A0 /* Meals.lk */ = {
			isa = PBXNativeTarget;
			buildConfigurationList = 32EA838F23E406890032E5A0 /* Build configuration list for PBXNativeTarget "Meals.lk" */;
			buildPhases = (
				32EA837423E406880032E5A0 /* Sources */,
				32EA837523E406880032E5A0 /* Frameworks */,
				32EA837623E406880032E5A0 /* Resources */,
			);
			buildRules = (
			);
			dependencies = (
			);
			name = Meals.lk;
			productName = Meals.lk;
			productReference = 32EA837823E406880032E5A0 /* Meals.lk.app */;
			productType = "com.apple.product-type.application";
		};
/* End PBXNativeTarget section */

/* Begin PBXProject section */
		32EA837023E406870032E5A0 /* Project object */ = {
			isa = PBXProject;
			attributes = {
				LastSwiftUpdateCheck = 1130;
				LastUpgradeCheck = 1130;
				ORGANIZATIONNAME = Mealslk;
				TargetAttributes = {
					32EA837723E406880032E5A0 = {
						CreatedOnToolsVersion = 11.3.1;
					};
				};
			};
			buildConfigurationList = 32EA837323E406870032E5A0 /* Build configuration list for PBXProject "Meals.lk" */;
			compatibilityVersion = "Xcode 9.3";
			developmentRegion = en;
			hasScannedForEncodings = 0;
			knownRegions = (
				en,
				Base,
			);
			mainGroup = 32EA836F23E406870032E5A0;
			productRefGroup = 32EA837923E406880032E5A0 /* Products */;
			projectDirPath = "";
			projectRoot = "";
			targets = (
				32EA837723E406880032E5A0 /* Meals.lk */,
			);
		};
/* End PBXProject section */

/* Begin PBXResourcesBuildPhase section */
		32EA837623E406880032E5A0 /* Resources */ = {
			isa = PBXResourcesBuildPhase;
			buildActionMask = 2147483647;
			files = (
				32EA838B23E406890032E5A0 /* LaunchScreen.storyboard in Resources */,
				32EA838823E406890032E5A0 /* Assets.xcassets in Resources */,
				32EA838323E406880032E5A0 /* Main.storyboard in Resources */,
			);
			runOnlyForDeploymentPostprocessing = 0;
		};
/* End PBXResourcesBuildPhase section */

/* Begin PBXSourcesBuildPhase section */
		32EA837423E406880032E5A0 /* Sources */ = {
			isa = PBXSourcesBuildPhase;
			buildActionMask = 2147483647;
			files = (
				32EA838023E406880032E5A0 /* LoginController.swift in Sources */,
				32EA838623E406880032E5A0 /* Meals_lk.xcdatamodeld in Sources */,
				32EB25BF23F94DD8009FB9BF /* MainTabController.swift in Sources */,
				32EA837C23E406880032E5A0 /* AppDelegate.swift in Sources */,
				32EB25C323F95DF9009FB9BF /* ProfileViewController.swift in Sources */,
				32EA837E23E406880032E5A0 /* SceneDelegate.swift in Sources */,
				32EB25C123F954D0009FB9BF /* HomeViewController.swift in Sources */,
			);
			runOnlyForDeploymentPostprocessing = 0;
		};
/* End PBXSourcesBuildPhase section */

/* Begin PBXVariantGroup section */
		32EA838123E406880032E5A0 /* Main.storyboard */ = {
			isa = PBXVariantGroup;
			children = (
				32EA838223E406880032E5A0 /* Base */,
			);
			name = Main.storyboard;
			sourceTree = "<group>";
		};
		32EA838923E406890032E5A0 /* LaunchScreen.storyboard */ = {
			isa = PBXVariantGroup;
			children = (
				32EA838A23E406890032E5A0 /* Base */,
			);
			name = LaunchScreen.storyboard;
			sourceTree = "<group>";
		};
/* End PBXVariantGroup section */

/* Begin XCBuildConfiguration section */
		32EA838D23E406890032E5A0 /* Debug */ = {
			isa = XCBuildConfiguration;
			buildSettings = {
				ALWAYS_SEARCH_USER_PATHS = NO;
				CLANG_ANALYZER_NONNULL = YES;
				CLANG_ANALYZER_NUMBER_OBJECT_CONVERSION = YES_AGGRESSIVE;
				CLANG_CXX_LANGUAGE_STANDARD = "gnu++14";
				CLANG_CXX_LIBRARY = "libc++";
				CLANG_ENABLE_MODULES = YES;
				CLANG_ENABLE_OBJC_ARC = YES;
				CLANG_ENABLE_OBJC_WEAK = YES;
				CLANG_WARN_BLOCK_CAPTURE_AUTORELEASING = YES;
				CLANG_WARN_BOOL_CONVERSION = YES;
				CLANG_WARN_COMMA = YES;
				CLANG_WARN_CONSTANT_CONVERSION = YES;
				CLANG_WARN_DEPRECATED_OBJC_IMPLEMENTATIONS = YES;
				CLANG_WARN_DIRECT_OBJC_ISA_USAGE = YES_ERROR;
				CLANG_WARN_DOCUMENTATION_COMMENTS = YES;
				CLANG_WARN_EMPTY_BODY = YES;
				CLANG_WARN_ENUM_CONVERSION = YES;
				CLANG_WARN_INFINITE_RECURSION = YES;
				CLANG_WARN_INT_CONVERSION = YES;
				CLANG_WARN_NON_LITERAL_NULL_CONVERSION = YES;
				CLANG_WARN_OBJC_IMPLICIT_RETAIN_SELF = YES;
				CLANG_WARN_OBJC_LITERAL_CONVERSION = YES;
				CLANG_WARN_OBJC_ROOT_CLASS = YES_ERROR;
				CLANG_WARN_RANGE_LOOP_ANALYSIS = YES;
				CLANG_WARN_STRICT_PROTOTYPES = YES;
				CLANG_WARN_SUSPICIOUS_MOVE = YES;
				CLANG_WARN_UNGUARDED_AVAILABILITY = YES_AGGRESSIVE;
				CLANG_WARN_UNREACHABLE_CODE = YES;
				CLANG_WARN__DUPLICATE_METHOD_MATCH = YES;
				COPY_PHASE_STRIP = NO;
				DEBUG_INFORMATION_FORMAT = dwarf;
				ENABLE_STRICT_OBJC_MSGSEND = YES;
				ENABLE_TESTABILITY = YES;
				GCC_C_LANGUAGE_STANDARD = gnu11;
				GCC_DYNAMIC_NO_PIC = NO;
				GCC_NO_COMMON_BLOCKS = YES;
				GCC_OPTIMIZATION_LEVEL = 0;
				GCC_PREPROCESSOR_DEFINITIONS = (
					"DEBUG=1",
					"$(inherited)",
				);
				GCC_WARN_64_TO_32_BIT_CONVERSION = YES;
				GCC_WARN_ABOUT_RETURN_TYPE = YES_ERROR;
				GCC_WARN_UNDECLARED_SELECTOR = YES;
				GCC_WARN_UNINITIALIZED_AUTOS = YES_AGGRESSIVE;
				GCC_WARN_UNUSED_FUNCTION = YES;
				GCC_WARN_UNUSED_VARIABLE = YES;
				IPHONEOS_DEPLOYMENT_TARGET = 13.2;
				MTL_ENABLE_DEBUG_INFO = INCLUDE_SOURCE;
				MTL_FAST_MATH = YES;
				ONLY_ACTIVE_ARCH = YES;
				SDKROOT = iphoneos;
				SWIFT_ACTIVE_COMPILATION_CONDITIONS = DEBUG;
				SWIFT_OPTIMIZATION_LEVEL = "-Onone";
			};
			name = Debug;
		};
		32EA838E23E406890032E5A0 /* Release */ = {
			isa = XCBuildConfiguration;
			buildSettings = {
				ALWAYS_SEARCH_USER_PATHS = NO;
				CLANG_ANALYZER_NONNULL = YES;
				CLANG_ANALYZER_NUMBER_OBJECT_CONVERSION = YES_AGGRESSIVE;
				CLANG_CXX_LANGUAGE_STANDARD = "gnu++14";
				CLANG_CXX_LIBRARY = "libc++";
				CLANG_ENABLE_MODULES = YES;
				CLANG_ENABLE_OBJC_ARC = YES;
				CLANG_ENABLE_OBJC_WEAK = YES;
				CLANG_WARN_BLOCK_CAPTURE_AUTORELEASING = YES;
				CLANG_WARN_BOOL_CONVERSION = YES;
				CLANG_WARN_COMMA = YES;
				CLANG_WARN_CONSTANT_CONVERSION = YES;
				CLANG_WARN_DEPRECATED_OBJC_IMPLEMENTATIONS = YES;
				CLANG_WARN_DIRECT_OBJC_ISA_USAGE = YES_ERROR;
				CLANG_WARN_DOCUMENTATION_COMMENTS = YES;
				CLANG_WARN_EMPTY_BODY = YES;
				CLANG_WARN_ENUM_CONVERSION = YES;
				CLANG_WARN_INFINITE_RECURSION = YES;
				CLANG_WARN_INT_CONVERSION = YES;
				CLANG_WARN_NON_LITERAL_NULL_CONVERSION = YES;
				CLANG_WARN_OBJC_IMPLICIT_RETAIN_SELF = YES;
				CLANG_WARN_OBJC_LITERAL_CONVERSION = YES;
				CLANG_WARN_OBJC_ROOT_CLASS = YES_ERROR;
				CLANG_WARN_RANGE_LOOP_ANALYSIS = YES;
				CLANG_WARN_STRICT_PROTOTYPES = YES;
				CLANG_WARN_SUSPICIOUS_MOVE = YES;
				CLANG_WARN_UNGUARDED_AVAILABILITY = YES_AGGRESSIVE;
				CLANG_WARN_UNREACHABLE_CODE = YES;
				CLANG_WARN__DUPLICATE_METHOD_MATCH = YES;
				COPY_PHASE_STRIP = NO;
				DEBUG_INFORMATION_FORMAT = "dwarf-with-dsym";
				ENABLE_NS_ASSERTIONS = NO;
				ENABLE_STRICT_OBJC_MSGSEND = YES;
				GCC_C_LANGUAGE_STANDARD = gnu11;
				GCC_NO_COMMON_BLOCKS = YES;
				GCC_WARN_64_TO_32_BIT_CONVERSION = YES;
				GCC_WARN_ABOUT_RETURN_TYPE = YES_ERROR;
				GCC_WARN_UNDECLARED_SELECTOR = YES;
				GCC_WARN_UNINITIALIZED_AUTOS = YES_AGGRESSIVE;
				GCC_WARN_UNUSED_FUNCTION = YES;
				GCC_WARN_UNUSED_VARIABLE = YES;
				IPHONEOS_DEPLOYMENT_TARGET = 13.2;
				MTL_ENABLE_DEBUG_INFO = NO;
				MTL_FAST_MATH = YES;
				SDKROOT = iphoneos;
				SWIFT_COMPILATION_MODE = wholemodule;
				SWIFT_OPTIMIZATION_LEVEL = "-O";
				VALIDATE_PRODUCT = YES;
			};
			name = Release;
		};
		32EA839023E406890032E5A0 /* Debug */ = {
			isa = XCBuildConfiguration;
			buildSettings = {
				ASSETCATALOG_COMPILER_APPICON_NAME = AppIcon;
				CODE_SIGN_STYLE = Automatic;
				DEVELOPMENT_TEAM = H9V7R3BRD5;
				INFOPLIST_FILE = Meals.lk/Info.plist;
				LD_RUNPATH_SEARCH_PATHS = (
					"$(inherited)",
					"@executable_path/Frameworks",
				);
				PRODUCT_BUNDLE_IDENTIFIER = "com.mealslk.Meals-lk";
				PRODUCT_NAME = "$(TARGET_NAME)";
				SWIFT_VERSION = 5.0;
				TARGETED_DEVICE_FAMILY = "1,2";
			};
			name = Debug;
		};
		32EA839123E406890032E5A0 /* Release */ = {
			isa = XCBuildConfiguration;
			buildSettings = {
				ASSETCATALOG_COMPILER_APPICON_NAME = AppIcon;
				CODE_SIGN_STYLE = Automatic;
				DEVELOPMENT_TEAM = H9V7R3BRD5;
				INFOPLIST_FILE = Meals.lk/Info.plist;
				LD_RUNPATH_SEARCH_PATHS = (
					"$(inherited)",
					"@executable_path/Frameworks",
				);
				PRODUCT_BUNDLE_IDENTIFIER = "com.mealslk.Meals-lk";
				PRODUCT_NAME = "$(TARGET_NAME)";
				SWIFT_VERSION = 5.0;
				TARGETED_DEVICE_FAMILY = "1,2";
			};
			name = Release;
		};
/* End XCBuildConfiguration section */

/* Begin XCConfigurationList section */
		32EA837323E406870032E5A0 /* Build configuration list for PBXProject "Meals.lk" */ = {
			isa = XCConfigurationList;
			buildConfigurations = (
				32EA838D23E406890032E5A0 /* Debug */,
				32EA838E23E406890032E5A0 /* Release */,
			);
			defaultConfigurationIsVisible = 0;
			defaultConfigurationName = Release;
		};
		32EA838F23E406890032E5A0 /* Build configuration list for PBXNativeTarget "Meals.lk" */ = {
			isa = XCConfigurationList;
			buildConfigurations = (
				32EA839023E406890032E5A0 /* Debug */,
				32EA839123E406890032E5A0 /* Release */,
			);
			defaultConfigurationIsVisible = 0;
			defaultConfigurationName = Release;
		};
/* End XCConfigurationList section */

/* Begin XCVersionGroup section */
		32EA838423E406880032E5A0 /* Meals_lk.xcdatamodeld */ = {
			isa = XCVersionGroup;
			children = (
				32EA838523E406880032E5A0 /* Meals_lk.xcdatamodel */,
			);
			currentVersion = 32EA838523E406880032E5A0 /* Meals_lk.xcdatamodel */;
			path = Meals_lk.xcdatamodeld;
			sourceTree = "<group>";
			versionGroupType = wrapper.xcdatamodel;
		};
/* End XCVersionGroup section */
	};
	rootObject = 32EA837023E406870032E5A0 /* Project object */;
}
